
Microsoft Visual Studio Solution File, Format Version 12.00
# Visual Studio 15
VisualStudioVersion = 15.0.28010.2036
MinimumVisualStudioVersion = 10.0.40219.1
Project("{FAE04EC0-301F-11D3-BF4B-00C04F79EFBC}") = "PapaBobs.Web", "PapaBobs.Web\PapaBobs.Web.csproj", "{2427CD22-44EF-440D-B921-336E443EA2D3}"
EndProject
Project("{FAE04EC0-301F-11D3-BF4B-00C04F79EFBC}") = "PapaBobs.Domain", "PapaBobs.Domain\PapaBobs.Domain.csproj", "{69DBE342-C180-44A1-8DC6-118AB3B78FEC}"
EndProject
Project("{FAE04EC0-301F-11D3-BF4B-00C04F79EFBC}") = "PapaBobs.Persistence", "PapaBobs.Persistence\PapaBobs.Persistence.csproj", "{D90EF446-CF6D-4AE1-ACAF-135A49A7172F}"
EndProject
Project("{FAE04EC0-301F-11D3-BF4B-00C04F79EFBC}") = "PapaBobs.DTO", "PapaBobs.DTO\PapaBobs.DTO.csproj", "{4E649E4D-B819-4808-ADA6-94CEC39A8111}"
EndProject
Global
	GlobalSection(SolutionConfigurationPlatforms) = preSolution
		Debug|Any CPU = Debug|Any CPU
		Release|Any CPU = Release|Any CPU
	EndGlobalSection
	GlobalSection(ProjectConfigurationPlatforms) = postSolution
		{2427CD22-44EF-440D-B921-336E443EA2D3}.Debug|Any CPU.ActiveCfg = Debug|Any CPU
		{2427CD22-44EF-440D-B921-336E443EA2D3}.Debug|Any CPU.Build.0 = Debug|Any CPU
		{2427CD22-44EF-440D-B921-336E443EA2D3}.Release|Any CPU.ActiveCfg = Release|Any CPU
		{2427CD22-44EF-440D-B921-336E443EA2D3}.Release|Any CPU.Build.0 = Release|Any CPU
		{69DBE342-C180-44A1-8DC6-118AB3B78FEC}.Debug|Any CPU.ActiveCfg = Debug|Any CPU
		{69DBE342-C180-44A1-8DC6-118AB3B78FEC}.Debug|Any CPU.Build.0 = Debug|Any CPU
		{69DBE342-C180-44A1-8DC6-118AB3B78FEC}.Release|Any CPU.ActiveCfg = Release|Any CPU
		{69DBE342-C180-44A1-8DC6-118AB3B78FEC}.Release|Any CPU.Build.0 = Release|Any CPU
		{D90EF446-CF6D-4AE1-ACAF-135A49A7172F}.Debug|Any CPU.ActiveCfg = Debug|Any CPU
		{D90EF446-CF6D-4AE1-ACAF-135A49A7172F}.Debug|Any CPU.Build.0 = Debug|Any CPU
		{D90EF446-CF6D-4AE1-ACAF-135A49A7172F}.Release|Any CPU.ActiveCfg = Release|Any CPU
		{D90EF446-CF6D-4AE1-ACAF-135A49A7172F}.Release|Any CPU.Build.0 = Release|Any CPU
		{4E649E4D-B819-4808-ADA6-94CEC39A8111}.Debug|Any CPU.ActiveCfg = Debug|Any CPU
		{4E649E4D-B819-4808-ADA6-94CEC39A8111}.Debug|Any CPU.Build.0 = Debug|Any CPU
		{4E649E4D-B819-4808-ADA6-94CEC39A8111}.Release|Any CPU.ActiveCfg = Release|Any CPU
		{4E649E4D-B819-4808-ADA6-94CEC39A8111}.Release|Any CPU.Build.0 = Release|Any CPU
	EndGlobalSection
	GlobalSection(SolutionProperties) = preSolution
		HideSolutionNode = FALSE
	EndGlobalSection
	GlobalSection(ExtensibilityGlobals) = postSolution
		SolutionGuid = {33A8A730-AF33-4A98-8C5A-1D35819C3581}
	EndGlobalSection
EndGlobal
